
Microsoft Visual Studio Solution File, Format Version 12.00
# Visual Studio 15
VisualStudioVersion = 15.0.28010.2026
MinimumVisualStudioVersion = 10.0.40219.1
Project("{FAE04EC0-301F-11D3-BF4B-00C04F79EFBC}") = "SpreadsheetForm", "Spreadsheet\SpreadsheetForm.csproj", "{619C7074-97EA-4CE8-98C6-31816A0130C9}"
EndProject
Project("{FAE04EC0-301F-11D3-BF4B-00C04F79EFBC}") = "SpreadsheetEngine", "SpreadsheetEngine\SpreadsheetEngine.csproj", "{2F25C884-5D53-4A89-8F25-BCBCC0113B50}"
EndProject
Project("{FAE04EC0-301F-11D3-BF4B-00C04F79EFBC}") = "ConsoleMenu", "ConsoleMenu\ConsoleMenu.csproj", "{74A06B08-F7F0-480E-8E7D-BCEF2578FF1B}"
EndProject
Project("{FAE04EC0-301F-11D3-BF4B-00C04F79EFBC}") = "SpreadsheetTests", "SpreadsheetEngineTests\SpreadsheetTests.csproj", "{0EC1227D-620C-42EF-95D8-911E72484E1B}"
EndProject
Global
	GlobalSection(SolutionConfigurationPlatforms) = preSolution
		Debug|Any CPU = Debug|Any CPU
		Release|Any CPU = Release|Any CPU
	EndGlobalSection
	GlobalSection(ProjectConfigurationPlatforms) = postSolution
		{619C7074-97EA-4CE8-98C6-31816A0130C9}.Debug|Any CPU.ActiveCfg = Debug|Any CPU
		{619C7074-97EA-4CE8-98C6-31816A0130C9}.Debug|Any CPU.Build.0 = Debug|Any CPU
		{619C7074-97EA-4CE8-98C6-31816A0130C9}.Release|Any CPU.ActiveCfg = Release|Any CPU
		{619C7074-97EA-4CE8-98C6-31816A0130C9}.Release|Any CPU.Build.0 = Release|Any CPU
		{2F25C884-5D53-4A89-8F25-BCBCC0113B50}.Debug|Any CPU.ActiveCfg = Debug|Any CPU
		{2F25C884-5D53-4A89-8F25-BCBCC0113B50}.Debug|Any CPU.Build.0 = Debug|Any CPU
		{2F25C884-5D53-4A89-8F25-BCBCC0113B50}.Release|Any CPU.ActiveCfg = Release|Any CPU
		{2F25C884-5D53-4A89-8F25-BCBCC0113B50}.Release|Any CPU.Build.0 = Release|Any CPU
		{74A06B08-F7F0-480E-8E7D-BCEF2578FF1B}.Debug|Any CPU.ActiveCfg = Debug|Any CPU
		{74A06B08-F7F0-480E-8E7D-BCEF2578FF1B}.Debug|Any CPU.Build.0 = Debug|Any CPU
		{74A06B08-F7F0-480E-8E7D-BCEF2578FF1B}.Release|Any CPU.ActiveCfg = Release|Any CPU
		{74A06B08-F7F0-480E-8E7D-BCEF2578FF1B}.Release|Any CPU.Build.0 = Release|Any CPU
		{0EC1227D-620C-42EF-95D8-911E72484E1B}.Debug|Any CPU.ActiveCfg = Debug|Any CPU
		{0EC1227D-620C-42EF-95D8-911E72484E1B}.Debug|Any CPU.Build.0 = Debug|Any CPU
		{0EC1227D-620C-42EF-95D8-911E72484E1B}.Release|Any CPU.ActiveCfg = Release|Any CPU
		{0EC1227D-620C-42EF-95D8-911E72484E1B}.Release|Any CPU.Build.0 = Release|Any CPU
	EndGlobalSection
	GlobalSection(SolutionProperties) = preSolution
		HideSolutionNode = FALSE
	EndGlobalSection
	GlobalSection(ExtensibilityGlobals) = postSolution
		SolutionGuid = {9CCD5F5E-05DB-409F-BDEF-52448F51A967}
	EndGlobalSection
EndGlobal
